// !$*UTF8*$!
{
	archiveVersion = 1;
	classes = {
	};
	objectVersion = 56;
	objects = {

/* Begin PBXBuildFile section */
		910567AD2DC5488000A61168 /* HikeApp.swift in Sources */ = {isa = PBXBuildFile; fileRef = 910567AC2DC5488000A61168 /* HikeApp.swift */; };
		910567AF2DC5488000A61168 /* ContentView.swift in Sources */ = {isa = PBXBuildFile; fileRef = 910567AE2DC5488000A61168 /* ContentView.swift */; };
		910567B12DC5488200A61168 /* Assets.xcassets in Resources */ = {isa = PBXBuildFile; fileRef = 910567B02DC5488200A61168 /* Assets.xcassets */; };
		910567B42DC5488200A61168 /* Preview Assets.xcassets in Resources */ = {isa = PBXBuildFile; fileRef = 910567B32DC5488200A61168 /* Preview Assets.xcassets */; };
		910567BE2DC5488200A61168 /* HikeTests.swift in Sources */ = {isa = PBXBuildFile; fileRef = 910567BD2DC5488200A61168 /* HikeTests.swift */; };
		910567C82DC5488200A61168 /* HikeUITests.swift in Sources */ = {isa = PBXBuildFile; fileRef = 910567C72DC5488200A61168 /* HikeUITests.swift */; };
		910567CA2DC5488200A61168 /* HikeUITestsLaunchTests.swift in Sources */ = {isa = PBXBuildFile; fileRef = 910567C92DC5488200A61168 /* HikeUITestsLaunchTests.swift */; };
		910567D72DC54B9100A61168 /* CardView.swift in Sources */ = {isa = PBXBuildFile; fileRef = 910567D62DC54B9100A61168 /* CardView.swift */; };
		910567DA2DC54D3300A61168 /* CustomBackgroundView.swift in Sources */ = {isa = PBXBuildFile; fileRef = 910567D92DC54D3300A61168 /* CustomBackgroundView.swift */; };
		910567DD2DC54F8500A61168 /* ColorExtension.swift in Sources */ = {isa = PBXBuildFile; fileRef = 910567DC2DC54F8500A61168 /* ColorExtension.swift */; };
		910567DF2DC55C8200A61168 /* CustomButtonView.swift in Sources */ = {isa = PBXBuildFile; fileRef = 910567DE2DC55C8200A61168 /* CustomButtonView.swift */; };
		910567E12DC572D600A61168 /* CustomCircleView.swift in Sources */ = {isa = PBXBuildFile; fileRef = 910567E02DC572D600A61168 /* CustomCircleView.swift */; };
		910567E32DC57BD800A61168 /* MotionAnimationView.swift in Sources */ = {isa = PBXBuildFile; fileRef = 910567E22DC57BD800A61168 /* MotionAnimationView.swift */; };
		910567E62DC5D38600A61168 /* SettingView.swift in Sources */ = {isa = PBXBuildFile; fileRef = 910567E52DC5D38600A61168 /* SettingView.swift */; };
		910567E82DC5EE7D00A61168 /* CustomListRowView.swift in Sources */ = {isa = PBXBuildFile; fileRef = 910567E72DC5EE7D00A61168 /* CustomListRowView.swift */; };
/* End PBXBuildFile section */

/* Begin PBXContainerItemProxy section */
		910567BA2DC5488200A61168 /* PBXContainerItemProxy */ = {
			isa = PBXContainerItemProxy;
			containerPortal = 910567A12DC5488000A61168 /* Project object */;
			proxyType = 1;
			remoteGlobalIDString = 910567A82DC5488000A61168;
			remoteInfo = Hike;
		};
		910567C42DC5488200A61168 /* PBXContainerItemProxy */ = {
			isa = PBXContainerItemProxy;
			containerPortal = 910567A12DC5488000A61168 /* Project object */;
			proxyType = 1;
			remoteGlobalIDString = 910567A82DC5488000A61168;
			remoteInfo = Hike;
		};
/* End PBXContainerItemProxy section */

/* Begin PBXFileReference section */
		910567A92DC5488000A61168 /* Hike.app */ = {isa = PBXFileReference; explicitFileType = wrapper.application; includeInIndex = 0; path = Hike.app; sourceTree = BUILT_PRODUCTS_DIR; };
		910567AC2DC5488000A61168 /* HikeApp.swift */ = {isa = PBXFileReference; lastKnownFileType = sourcecode.swift; path = HikeApp.swift; sourceTree = "<group>"; };
		910567AE2DC5488000A61168 /* ContentView.swift */ = {isa = PBXFileReference; lastKnownFileType = sourcecode.swift; path = ContentView.swift; sourceTree = "<group>"; };
		910567B02DC5488200A61168 /* Assets.xcassets */ = {isa = PBXFileReference; lastKnownFileType = folder.assetcatalog; path = Assets.xcassets; sourceTree = "<group>"; };
		910567B32DC5488200A61168 /* Preview Assets.xcassets */ = {isa = PBXFileReference; lastKnownFileType = folder.assetcatalog; path = "Preview Assets.xcassets"; sourceTree = "<group>"; };
		910567B92DC5488200A61168 /* HikeTests.xctest */ = {isa = PBXFileReference; explicitFileType = wrapper.cfbundle; includeInIndex = 0; path = HikeTests.xctest; sourceTree = BUILT_PRODUCTS_DIR; };
		910567BD2DC5488200A61168 /* HikeTests.swift */ = {isa = PBXFileReference; lastKnownFileType = sourcecode.swift; path = HikeTests.swift; sourceTree = "<group>"; };
		910567C32DC5488200A61168 /* HikeUITests.xctest */ = {isa = PBXFileReference; explicitFileType = wrapper.cfbundle; includeInIndex = 0; path = HikeUITests.xctest; sourceTree = BUILT_PRODUCTS_DIR; };
		910567C72DC5488200A61168 /* HikeUITests.swift */ = {isa = PBXFileReference; lastKnownFileType = sourcecode.swift; path = HikeUITests.swift; sourceTree = "<group>"; };
		910567C92DC5488200A61168 /* HikeUITestsLaunchTests.swift */ = {isa = PBXFileReference; lastKnownFileType = sourcecode.swift; path = HikeUITestsLaunchTests.swift; sourceTree = "<group>"; };
		910567D62DC54B9100A61168 /* CardView.swift */ = {isa = PBXFileReference; lastKnownFileType = sourcecode.swift; path = CardView.swift; sourceTree = "<group>"; };
		910567D92DC54D3300A61168 /* CustomBackgroundView.swift */ = {isa = PBXFileReference; lastKnownFileType = sourcecode.swift; path = CustomBackgroundView.swift; sourceTree = "<group>"; };
		910567DC2DC54F8500A61168 /* ColorExtension.swift */ = {isa = PBXFileReference; lastKnownFileType = sourcecode.swift; path = ColorExtension.swift; sourceTree = "<group>"; };
		910567DE2DC55C8200A61168 /* CustomButtonView.swift */ = {isa = PBXFileReference; lastKnownFileType = sourcecode.swift; path = CustomButtonView.swift; sourceTree = "<group>"; };
		910567E02DC572D600A61168 /* CustomCircleView.swift */ = {isa = PBXFileReference; lastKnownFileType = sourcecode.swift; path = CustomCircleView.swift; sourceTree = "<group>"; };
		910567E22DC57BD800A61168 /* MotionAnimationView.swift */ = {isa = PBXFileReference; lastKnownFileType = sourcecode.swift; path = MotionAnimationView.swift; sourceTree = "<group>"; };
		910567E52DC5D38600A61168 /* SettingView.swift */ = {isa = PBXFileReference; lastKnownFileType = sourcecode.swift; path = SettingView.swift; sourceTree = "<group>"; };
		910567E72DC5EE7D00A61168 /* CustomListRowView.swift */ = {isa = PBXFileReference; lastKnownFileType = sourcecode.swift; path = CustomListRowView.swift; sourceTree = "<group>"; };
/* End PBXFileReference section */

/* Begin PBXFrameworksBuildPhase section */
		910567A62DC5488000A61168 /* Frameworks */ = {
			isa = PBXFrameworksBuildPhase;
			buildActionMask = 2147483647;
			files = (
			);
			runOnlyForDeploymentPostprocessing = 0;
		};
		910567B62DC5488200A61168 /* Frameworks */ = {
			isa = PBXFrameworksBuildPhase;
			buildActionMask = 2147483647;
			files = (
			);
			runOnlyForDeploymentPostprocessing = 0;
		};
		910567C02DC5488200A61168 /* Frameworks */ = {
			isa = PBXFrameworksBuildPhase;
			buildActionMask = 2147483647;
			files = (
			);
			runOnlyForDeploymentPostprocessing = 0;
		};
/* End PBXFrameworksBuildPhase section */

/* Begin PBXGroup section */
		910567A02DC5488000A61168 = {
			isa = PBXGroup;
			children = (
				910567AB2DC5488000A61168 /* Hike */,
				910567BC2DC5488200A61168 /* HikeTests */,
				910567C62DC5488200A61168 /* HikeUITests */,
				910567AA2DC5488000A61168 /* Products */,
			);
			sourceTree = "<group>";
		};
		910567AA2DC5488000A61168 /* Products */ = {
			isa = PBXGroup;
			children = (
				910567A92DC5488000A61168 /* Hike.app */,
				910567B92DC5488200A61168 /* HikeTests.xctest */,
				910567C32DC5488200A61168 /* HikeUITests.xctest */,
			);
			name = Products;
			sourceTree = "<group>";
		};
		910567AB2DC5488000A61168 /* Hike */ = {
			isa = PBXGroup;
			children = (
				910567DB2DC54F5000A61168 /* Utility */,
				910567AC2DC5488000A61168 /* HikeApp.swift */,
				910567E42DC5D2C200A61168 /* Screen */,
				910567B02DC5488200A61168 /* Assets.xcassets */,
				910567B22DC5488200A61168 /* Preview Content */,
				910567D82DC54CDE00A61168 /* Component */,
			);
			path = Hike;
			sourceTree = "<group>";
		};
		910567B22DC5488200A61168 /* Preview Content */ = {
			isa = PBXGroup;
			children = (
				910567B32DC5488200A61168 /* Preview Assets.xcassets */,
			);
			path = "Preview Content";
			sourceTree = "<group>";
		};
		910567BC2DC5488200A61168 /* HikeTests */ = {
			isa = PBXGroup;
			children = (
				910567BD2DC5488200A61168 /* HikeTests.swift */,
			);
			path = HikeTests;
			sourceTree = "<group>";
		};
		910567C62DC5488200A61168 /* HikeUITests */ = {
			isa = PBXGroup;
			children = (
				910567C72DC5488200A61168 /* HikeUITests.swift */,
				910567C92DC5488200A61168 /* HikeUITestsLaunchTests.swift */,
			);
			path = HikeUITests;
			sourceTree = "<group>";
		};
		910567D82DC54CDE00A61168 /* Component */ = {
			isa = PBXGroup;
			children = (
				910567D62DC54B9100A61168 /* CardView.swift */,
				910567D92DC54D3300A61168 /* CustomBackgroundView.swift */,
				910567DE2DC55C8200A61168 /* CustomButtonView.swift */,
				910567E02DC572D600A61168 /* CustomCircleView.swift */,
				910567E22DC57BD800A61168 /* MotionAnimationView.swift */,
				910567E72DC5EE7D00A61168 /* CustomListRowView.swift */,
			);
			path = Component;
			sourceTree = "<group>";
		};
		910567DB2DC54F5000A61168 /* Utility */ = {
			isa = PBXGroup;
			children = (
				910567DC2DC54F8500A61168 /* ColorExtension.swift */,
			);
			path = Utility;
			sourceTree = "<group>";
		};
		910567E42DC5D2C200A61168 /* Screen */ = {
			isa = PBXGroup;
			children = (
				910567AE2DC5488000A61168 /* ContentView.swift */,
				910567E52DC5D38600A61168 /* SettingView.swift */,
			);
			path = Screen;
			sourceTree = "<group>";
		};
/* End PBXGroup section */

/* Begin PBXNativeTarget section */
		910567A82DC5488000A61168 /* Hike */ = {
			isa = PBXNativeTarget;
			buildConfigurationList = 910567CD2DC5488200A61168 /* Build configuration list for PBXNativeTarget "Hike" */;
			buildPhases = (
				910567A52DC5488000A61168 /* Sources */,
				910567A62DC5488000A61168 /* Frameworks */,
				910567A72DC5488000A61168 /* Resources */,
			);
			buildRules = (
			);
			dependencies = (
			);
			name = Hike;
			productName = Hike;
			productReference = 910567A92DC5488000A61168 /* Hike.app */;
			productType = "com.apple.product-type.application";
		};
		910567B82DC5488200A61168 /* HikeTests */ = {
			isa = PBXNativeTarget;
			buildConfigurationList = 910567D02DC5488200A61168 /* Build configuration list for PBXNativeTarget "HikeTests" */;
			buildPhases = (
				910567B52DC5488200A61168 /* Sources */,
				910567B62DC5488200A61168 /* Frameworks */,
				910567B72DC5488200A61168 /* Resources */,
			);
			buildRules = (
			);
			dependencies = (
				910567BB2DC5488200A61168 /* PBXTargetDependency */,
			);
			name = HikeTests;
			productName = HikeTests;
			productReference = 910567B92DC5488200A61168 /* HikeTests.xctest */;
			productType = "com.apple.product-type.bundle.unit-test";
		};
		910567C22DC5488200A61168 /* HikeUITests */ = {
			isa = PBXNativeTarget;
			buildConfigurationList = 910567D32DC5488200A61168 /* Build configuration list for PBXNativeTarget "HikeUITests" */;
			buildPhases = (
				910567BF2DC5488200A61168 /* Sources */,
				910567C02DC5488200A61168 /* Frameworks */,
				910567C12DC5488200A61168 /* Resources */,
			);
			buildRules = (
			);
			dependencies = (
				910567C52DC5488200A61168 /* PBXTargetDependency */,
			);
			name = HikeUITests;
			productName = HikeUITests;
			productReference = 910567C32DC5488200A61168 /* HikeUITests.xctest */;
			productType = "com.apple.product-type.bundle.ui-testing";
		};
/* End PBXNativeTarget section */

/* Begin PBXProject section */
		910567A12DC5488000A61168 /* Project object */ = {
			isa = PBXProject;
			attributes = {
				BuildIndependentTargetsInParallel = 1;
				LastSwiftUpdateCheck = 1430;
				LastUpgradeCheck = 1430;
				TargetAttributes = {
					910567A82DC5488000A61168 = {
						CreatedOnToolsVersion = 14.3.1;
					};
					910567B82DC5488200A61168 = {
						CreatedOnToolsVersion = 14.3.1;
						TestTargetID = 910567A82DC5488000A61168;
					};
					910567C22DC5488200A61168 = {
						CreatedOnToolsVersion = 14.3.1;
						TestTargetID = 910567A82DC5488000A61168;
					};
				};
			};
			buildConfigurationList = 910567A42DC5488000A61168 /* Build configuration list for PBXProject "Hike" */;
			compatibilityVersion = "Xcode 14.0";
			developmentRegion = en;
			hasScannedForEncodings = 0;
			knownRegions = (
				en,
				Base,
			);
			mainGroup = 910567A02DC5488000A61168;
			productRefGroup = 910567AA2DC5488000A61168 /* Products */;
			projectDirPath = "";
			projectRoot = "";
			targets = (
				910567A82DC5488000A61168 /* Hike */,
				910567B82DC5488200A61168 /* HikeTests */,
				910567C22DC5488200A61168 /* HikeUITests */,
			);
		};
/* End PBXProject section */

/* Begin PBXResourcesBuildPhase section */
		910567A72DC5488000A61168 /* Resources */ = {
			isa = PBXResourcesBuildPhase;
			buildActionMask = 2147483647;
			files = (
				910567B42DC5488200A61168 /* Preview Assets.xcassets in Resources */,
				910567B12DC5488200A61168 /* Assets.xcassets in Resources */,
			);
			runOnlyForDeploymentPostprocessing = 0;
		};
		910567B72DC5488200A61168 /* Resources */ = {
			isa = PBXResourcesBuildPhase;
			buildActionMask = 2147483647;
			files = (
			);
			runOnlyForDeploymentPostprocessing = 0;
		};
		910567C12DC5488200A61168 /* Resources */ = {
			isa = PBXResourcesBuildPhase;
			buildActionMask = 2147483647;
			files = (
			);
			runOnlyForDeploymentPostprocessing = 0;
		};
/* End PBXResourcesBuildPhase section */

/* Begin PBXSourcesBuildPhase section */
		910567A52DC5488000A61168 /* Sources */ = {
			isa = PBXSourcesBuildPhase;
			buildActionMask = 2147483647;
			files = (
				910567AF2DC5488000A61168 /* ContentView.swift in Sources */,
				910567D72DC54B9100A61168 /* CardView.swift in Sources */,
				910567E82DC5EE7D00A61168 /* CustomListRowView.swift in Sources */,
				910567AD2DC5488000A61168 /* HikeApp.swift in Sources */,
				910567E62DC5D38600A61168 /* SettingView.swift in Sources */,
				910567E12DC572D600A61168 /* CustomCircleView.swift in Sources */,
				910567DF2DC55C8200A61168 /* CustomButtonView.swift in Sources */,
				910567E32DC57BD800A61168 /* MotionAnimationView.swift in Sources */,
				910567DA2DC54D3300A61168 /* CustomBackgroundView.swift in Sources */,
				910567DD2DC54F8500A61168 /* ColorExtension.swift in Sources */,
			);
			runOnlyForDeploymentPostprocessing = 0;
		};
		910567B52DC5488200A61168 /* Sources */ = {
			isa = PBXSourcesBuildPhase;
			buildActionMask = 2147483647;
			files = (
				910567BE2DC5488200A61168 /* HikeTests.swift in Sources */,
			);
			runOnlyForDeploymentPostprocessing = 0;
		};
		910567BF2DC5488200A61168 /* Sources */ = {
			isa = PBXSourcesBuildPhase;
			buildActionMask = 2147483647;
			files = (
				910567C82DC5488200A61168 /* HikeUITests.swift in Sources */,
				910567CA2DC5488200A61168 /* HikeUITestsLaunchTests.swift in Sources */,
			);
			runOnlyForDeploymentPostprocessing = 0;
		};
/* End PBXSourcesBuildPhase section */

/* Begin PBXTargetDependency section */
		910567BB2DC5488200A61168 /* PBXTargetDependency */ = {
			isa = PBXTargetDependency;
			target = 910567A82DC5488000A61168 /* Hike */;
			targetProxy = 910567BA2DC5488200A61168 /* PBXContainerItemProxy */;
		};
		910567C52DC5488200A61168 /* PBXTargetDependency */ = {
			isa = PBXTargetDependency;
			target = 910567A82DC5488000A61168 /* Hike */;
			targetProxy = 910567C42DC5488200A61168 /* PBXContainerItemProxy */;
		};
/* End PBXTargetDependency section */

/* Begin XCBuildConfiguration section */
		910567CB2DC5488200A61168 /* Debug */ = {
			isa = XCBuildConfiguration;
			buildSettings = {
				ALWAYS_SEARCH_USER_PATHS = NO;
				CLANG_ANALYZER_NONNULL = YES;
				CLANG_ANALYZER_NUMBER_OBJECT_CONVERSION = YES_AGGRESSIVE;
				CLANG_CXX_LANGUAGE_STANDARD = "gnu++20";
				CLANG_ENABLE_MODULES = YES;
				CLANG_ENABLE_OBJC_ARC = YES;
				CLANG_ENABLE_OBJC_WEAK = YES;
				CLANG_WARN_BLOCK_CAPTURE_AUTORELEASING = YES;
				CLANG_WARN_BOOL_CONVERSION = YES;
				CLANG_WARN_COMMA = YES;
				CLANG_WARN_CONSTANT_CONVERSION = YES;
				CLANG_WARN_DEPRECATED_OBJC_IMPLEMENTATIONS = YES;
				CLANG_WARN_DIRECT_OBJC_ISA_USAGE = YES_ERROR;
				CLANG_WARN_DOCUMENTATION_COMMENTS = YES;
				CLANG_WARN_EMPTY_BODY = YES;
				CLANG_WARN_ENUM_CONVERSION = YES;
				CLANG_WARN_INFINITE_RECURSION = YES;
				CLANG_WARN_INT_CONVERSION = YES;
				CLANG_WARN_NON_LITERAL_NULL_CONVERSION = YES;
				CLANG_WARN_OBJC_IMPLICIT_RETAIN_SELF = YES;
				CLANG_WARN_OBJC_LITERAL_CONVERSION = YES;
				CLANG_WARN_OBJC_ROOT_CLASS = YES_ERROR;
				CLANG_WARN_QUOTED_INCLUDE_IN_FRAMEWORK_HEADER = YES;
				CLANG_WARN_RANGE_LOOP_ANALYSIS = YES;
				CLANG_WARN_STRICT_PROTOTYPES = YES;
				CLANG_WARN_SUSPICIOUS_MOVE = YES;
				CLANG_WARN_UNGUARDED_AVAILABILITY = YES_AGGRESSIVE;
				CLANG_WARN_UNREACHABLE_CODE = YES;
				CLANG_WARN__DUPLICATE_METHOD_MATCH = YES;
				COPY_PHASE_STRIP = NO;
				DEBUG_INFORMATION_FORMAT = dwarf;
				ENABLE_STRICT_OBJC_MSGSEND = YES;
				ENABLE_TESTABILITY = YES;
				GCC_C_LANGUAGE_STANDARD = gnu11;
				GCC_DYNAMIC_NO_PIC = NO;
				GCC_NO_COMMON_BLOCKS = YES;
				GCC_OPTIMIZATION_LEVEL = 0;
				GCC_PREPROCESSOR_DEFINITIONS = (
					"DEBUG=1",
					"$(inherited)",
				);
				GCC_WARN_64_TO_32_BIT_CONVERSION = YES;
				GCC_WARN_ABOUT_RETURN_TYPE = YES_ERROR;
				GCC_WARN_UNDECLARED_SELECTOR = YES;
				GCC_WARN_UNINITIALIZED_AUTOS = YES_AGGRESSIVE;
				GCC_WARN_UNUSED_FUNCTION = YES;
				GCC_WARN_UNUSED_VARIABLE = YES;
				IPHONEOS_DEPLOYMENT_TARGET = 16.4;
				MTL_ENABLE_DEBUG_INFO = INCLUDE_SOURCE;
				MTL_FAST_MATH = YES;
				ONLY_ACTIVE_ARCH = YES;
				SDKROOT = iphoneos;
				SWIFT_ACTIVE_COMPILATION_CONDITIONS = DEBUG;
				SWIFT_OPTIMIZATION_LEVEL = "-Onone";
			};
			name = Debug;
		};
		910567CC2DC5488200A61168 /* Release */ = {
			isa = XCBuildConfiguration;
			buildSettings = {
				ALWAYS_SEARCH_USER_PATHS = NO;
				CLANG_ANALYZER_NONNULL = YES;
				CLANG_ANALYZER_NUMBER_OBJECT_CONVERSION = YES_AGGRESSIVE;
				CLANG_CXX_LANGUAGE_STANDARD = "gnu++20";
				CLANG_ENABLE_MODULES = YES;
				CLANG_ENABLE_OBJC_ARC = YES;
				CLANG_ENABLE_OBJC_WEAK = YES;
				CLANG_WARN_BLOCK_CAPTURE_AUTORELEASING = YES;
				CLANG_WARN_BOOL_CONVERSION = YES;
				CLANG_WARN_COMMA = YES;
				CLANG_WARN_CONSTANT_CONVERSION = YES;
				CLANG_WARN_DEPRECATED_OBJC_IMPLEMENTATIONS = YES;
				CLANG_WARN_DIRECT_OBJC_ISA_USAGE = YES_ERROR;
				CLANG_WARN_DOCUMENTATION_COMMENTS = YES;
				CLANG_WARN_EMPTY_BODY = YES;
				CLANG_WARN_ENUM_CONVERSION = YES;
				CLANG_WARN_INFINITE_RECURSION = YES;
				CLANG_WARN_INT_CONVERSION = YES;
				CLANG_WARN_NON_LITERAL_NULL_CONVERSION = YES;
				CLANG_WARN_OBJC_IMPLICIT_RETAIN_SELF = YES;
				CLANG_WARN_OBJC_LITERAL_CONVERSION = YES;
				CLANG_WARN_OBJC_ROOT_CLASS = YES_ERROR;
				CLANG_WARN_QUOTED_INCLUDE_IN_FRAMEWORK_HEADER = YES;
				CLANG_WARN_RANGE_LOOP_ANALYSIS = YES;
				CLANG_WARN_STRICT_PROTOTYPES = YES;
				CLANG_WARN_SUSPICIOUS_MOVE = YES;
				CLANG_WARN_UNGUARDED_AVAILABILITY = YES_AGGRESSIVE;
				CLANG_WARN_UNREACHABLE_CODE = YES;
				CLANG_WARN__DUPLICATE_METHOD_MATCH = YES;
				COPY_PHASE_STRIP = NO;
				DEBUG_INFORMATION_FORMAT = "dwarf-with-dsym";
				ENABLE_NS_ASSERTIONS = NO;
				ENABLE_STRICT_OBJC_MSGSEND = YES;
				GCC_C_LANGUAGE_STANDARD = gnu11;
				GCC_NO_COMMON_BLOCKS = YES;
				GCC_WARN_64_TO_32_BIT_CONVERSION = YES;
				GCC_WARN_ABOUT_RETURN_TYPE = YES_ERROR;
				GCC_WARN_UNDECLARED_SELECTOR = YES;
				GCC_WARN_UNINITIALIZED_AUTOS = YES_AGGRESSIVE;
				GCC_WARN_UNUSED_FUNCTION = YES;
				GCC_WARN_UNUSED_VARIABLE = YES;
				IPHONEOS_DEPLOYMENT_TARGET = 16.4;
				MTL_ENABLE_DEBUG_INFO = NO;
				MTL_FAST_MATH = YES;
				SDKROOT = iphoneos;
				SWIFT_COMPILATION_MODE = wholemodule;
				SWIFT_OPTIMIZATION_LEVEL = "-O";
				VALIDATE_PRODUCT = YES;
			};
			name = Release;
		};
		910567CE2DC5488200A61168 /* Debug */ = {
			isa = XCBuildConfiguration;
			buildSettings = {
				ASSETCATALOG_COMPILER_APPICON_NAME = AppIcon;
				ASSETCATALOG_COMPILER_GLOBAL_ACCENT_COLOR_NAME = AccentColor;
				CODE_SIGN_STYLE = Automatic;
				CURRENT_PROJECT_VERSION = 1;
				DEVELOPMENT_ASSET_PATHS = "\"Hike/Preview Content\"";
				ENABLE_PREVIEWS = YES;
				GENERATE_INFOPLIST_FILE = YES;
				INFOPLIST_KEY_UIApplicationSceneManifest_Generation = YES;
				INFOPLIST_KEY_UIApplicationSupportsIndirectInputEvents = YES;
				INFOPLIST_KEY_UILaunchScreen_Generation = YES;
				INFOPLIST_KEY_UISupportedInterfaceOrientations_iPad = "UIInterfaceOrientationPortrait UIInterfaceOrientationPortraitUpsideDown UIInterfaceOrientationLandscapeLeft UIInterfaceOrientationLandscapeRight";
				INFOPLIST_KEY_UISupportedInterfaceOrientations_iPhone = "UIInterfaceOrientationPortrait UIInterfaceOrientationLandscapeLeft UIInterfaceOrientationLandscapeRight";
				LD_RUNPATH_SEARCH_PATHS = (
					"$(inherited)",
					"@executable_path/Frameworks",
				);
				MARKETING_VERSION = 1.0;
				PRODUCT_BUNDLE_IDENTIFIER = SureForPure.Hike;
				PRODUCT_NAME = "$(TARGET_NAME)";
				SWIFT_EMIT_LOC_STRINGS = YES;
				SWIFT_VERSION = 5.0;
				TARGETED_DEVICE_FAMILY = "1,2";
			};
			name = Debug;
		};
		910567CF2DC5488200A61168 /* Release */ = {
			isa = XCBuildConfiguration;
			buildSettings = {
				ASSETCATALOG_COMPILER_APPICON_NAME = AppIcon;
				ASSETCATALOG_COMPILER_GLOBAL_ACCENT_COLOR_NAME = AccentColor;
				CODE_SIGN_STYLE = Automatic;
				CURRENT_PROJECT_VERSION = 1;
				DEVELOPMENT_ASSET_PATHS = "\"Hike/Preview Content\"";
				ENABLE_PREVIEWS = YES;
				GENERATE_INFOPLIST_FILE = YES;
				INFOPLIST_KEY_UIApplicationSceneManifest_Generation = YES;
				INFOPLIST_KEY_UIApplicationSupportsIndirectInputEvents = YES;
				INFOPLIST_KEY_UILaunchScreen_Generation = YES;
				INFOPLIST_KEY_UISupportedInterfaceOrientations_iPad = "UIInterfaceOrientationPortrait UIInterfaceOrientationPortraitUpsideDown UIInterfaceOrientationLandscapeLeft UIInterfaceOrientationLandscapeRight";
				INFOPLIST_KEY_UISupportedInterfaceOrientations_iPhone = "UIInterfaceOrientationPortrait UIInterfaceOrientationLandscapeLeft UIInterfaceOrientationLandscapeRight";
				LD_RUNPATH_SEARCH_PATHS = (
					"$(inherited)",
					"@executable_path/Frameworks",
				);
				MARKETING_VERSION = 1.0;
				PRODUCT_BUNDLE_IDENTIFIER = SureForPure.Hike;
				PRODUCT_NAME = "$(TARGET_NAME)";
				SWIFT_EMIT_LOC_STRINGS = YES;
				SWIFT_VERSION = 5.0;
				TARGETED_DEVICE_FAMILY = "1,2";
			};
			name = Release;
		};
		910567D12DC5488200A61168 /* Debug */ = {
			isa = XCBuildConfiguration;
			buildSettings = {
				ALWAYS_EMBED_SWIFT_STANDARD_LIBRARIES = YES;
				BUNDLE_LOADER = "$(TEST_HOST)";
				CODE_SIGN_STYLE = Automatic;
				CURRENT_PROJECT_VERSION = 1;
				GENERATE_INFOPLIST_FILE = YES;
				IPHONEOS_DEPLOYMENT_TARGET = 16.4;
				MARKETING_VERSION = 1.0;
				PRODUCT_BUNDLE_IDENTIFIER = SureForPure.HikeTests;
				PRODUCT_NAME = "$(TARGET_NAME)";
				SWIFT_EMIT_LOC_STRINGS = NO;
				SWIFT_VERSION = 5.0;
				TARGETED_DEVICE_FAMILY = "1,2";
				TEST_HOST = "$(BUILT_PRODUCTS_DIR)/Hike.app/$(BUNDLE_EXECUTABLE_FOLDER_PATH)/Hike";
			};
			name = Debug;
		};
		910567D22DC5488200A61168 /* Release */ = {
			isa = XCBuildConfiguration;
			buildSettings = {
				ALWAYS_EMBED_SWIFT_STANDARD_LIBRARIES = YES;
				BUNDLE_LOADER = "$(TEST_HOST)";
				CODE_SIGN_STYLE = Automatic;
				CURRENT_PROJECT_VERSION = 1;
				GENERATE_INFOPLIST_FILE = YES;
				IPHONEOS_DEPLOYMENT_TARGET = 16.4;
				MARKETING_VERSION = 1.0;
				PRODUCT_BUNDLE_IDENTIFIER = SureForPure.HikeTests;
				PRODUCT_NAME = "$(TARGET_NAME)";
				SWIFT_EMIT_LOC_STRINGS = NO;
				SWIFT_VERSION = 5.0;
				TARGETED_DEVICE_FAMILY = "1,2";
				TEST_HOST = "$(BUILT_PRODUCTS_DIR)/Hike.app/$(BUNDLE_EXECUTABLE_FOLDER_PATH)/Hike";
			};
			name = Release;
		};
		910567D42DC5488200A61168 /* Debug */ = {
			isa = XCBuildConfiguration;
			buildSettings = {
				ALWAYS_EMBED_SWIFT_STANDARD_LIBRARIES = YES;
				CODE_SIGN_STYLE = Automatic;
				CURRENT_PROJECT_VERSION = 1;
				GENERATE_INFOPLIST_FILE = YES;
				MARKETING_VERSION = 1.0;
				PRODUCT_BUNDLE_IDENTIFIER = SureForPure.HikeUITests;
				PRODUCT_NAME = "$(TARGET_NAME)";
				SWIFT_EMIT_LOC_STRINGS = NO;
				SWIFT_VERSION = 5.0;
				TARGETED_DEVICE_FAMILY = "1,2";
				TEST_TARGET_NAME = Hike;
			};
			name = Debug;
		};
		910567D52DC5488200A61168 /* Release */ = {
			isa = XCBuildConfiguration;
			buildSettings = {
				ALWAYS_EMBED_SWIFT_STANDARD_LIBRARIES = YES;
				CODE_SIGN_STYLE = Automatic;
				CURRENT_PROJECT_VERSION = 1;
				GENERATE_INFOPLIST_FILE = YES;
				MARKETING_VERSION = 1.0;
				PRODUCT_BUNDLE_IDENTIFIER = SureForPure.HikeUITests;
				PRODUCT_NAME = "$(TARGET_NAME)";
				SWIFT_EMIT_LOC_STRINGS = NO;
				SWIFT_VERSION = 5.0;
				TARGETED_DEVICE_FAMILY = "1,2";
				TEST_TARGET_NAME = Hike;
			};
			name = Release;
		};
/* End XCBuildConfiguration section */

/* Begin XCConfigurationList section */
		910567A42DC5488000A61168 /* Build configuration list for PBXProject "Hike" */ = {
			isa = XCConfigurationList;
			buildConfigurations = (
				910567CB2DC5488200A61168 /* Debug */,
				910567CC2DC5488200A61168 /* Release */,
			);
			defaultConfigurationIsVisible = 0;
			defaultConfigurationName = Release;
		};
		910567CD2DC5488200A61168 /* Build configuration list for PBXNativeTarget "Hike" */ = {
			isa = XCConfigurationList;
			buildConfigurations = (
				910567CE2DC5488200A61168 /* Debug */,
				910567CF2DC5488200A61168 /* Release */,
			);
			defaultConfigurationIsVisible = 0;
			defaultConfigurationName = Release;
		};
		910567D02DC5488200A61168 /* Build configuration list for PBXNativeTarget "HikeTests" */ = {
			isa = XCConfigurationList;
			buildConfigurations = (
				910567D12DC5488200A61168 /* Debug */,
				910567D22DC5488200A61168 /* Release */,
			);
			defaultConfigurationIsVisible = 0;
			defaultConfigurationName = Release;
		};
		910567D32DC5488200A61168 /* Build configuration list for PBXNativeTarget "HikeUITests" */ = {
			isa = XCConfigurationList;
			buildConfigurations = (
				910567D42DC5488200A61168 /* Debug */,
				910567D52DC5488200A61168 /* Release */,
			);
			defaultConfigurationIsVisible = 0;
			defaultConfigurationName = Release;
		};
/* End XCConfigurationList section */
	};
	rootObject = 910567A12DC5488000A61168 /* Project object */;
}
